
Microsoft Visual Studio Solution File, Format Version 11.00
# Visual Studio 2010
Project("{FAE04EC0-301F-11D3-BF4B-00C04F79EFBC}") = "Assembly-CSharp", "Assembly-CSharp.csproj", "{BE0BB80D-54BE-D6BB-2754-922C7B81B594}"
EndProject
Project("{FAE04EC0-301F-11D3-BF4B-00C04F79EFBC}") = "Assembly-CSharp-Editor-firstpass", "Assembly-CSharp-Editor-firstpass.csproj", "{61A19483-FB7F-459B-A4C1-6AE8277D6F67}"
EndProject
Global
	GlobalSection(SolutionConfigurationPlatforms) = preSolution
		Debug|Any CPU = Debug|Any CPU
		Release|Any CPU = Release|Any CPU
	EndGlobalSection
	GlobalSection(ProjectConfigurationPlatforms) = postSolution
		{BE0BB80D-54BE-D6BB-2754-922C7B81B594}.Debug|Any CPU.ActiveCfg = Debug|Any CPU
		{BE0BB80D-54BE-D6BB-2754-922C7B81B594}.Debug|Any CPU.Build.0 = Debug|Any CPU
		{BE0BB80D-54BE-D6BB-2754-922C7B81B594}.Release|Any CPU.ActiveCfg = Release|Any CPU
		{BE0BB80D-54BE-D6BB-2754-922C7B81B594}.Release|Any CPU.Build.0 = Release|Any CPU
		{61A19483-FB7F-459B-A4C1-6AE8277D6F67}.Debug|Any CPU.ActiveCfg = Debug|Any CPU
		{61A19483-FB7F-459B-A4C1-6AE8277D6F67}.Debug|Any CPU.Build.0 = Debug|Any CPU
		{61A19483-FB7F-459B-A4C1-6AE8277D6F67}.Release|Any CPU.ActiveCfg = Release|Any CPU
		{61A19483-FB7F-459B-A4C1-6AE8277D6F67}.Release|Any CPU.Build.0 = Release|Any CPU
	EndGlobalSection
	GlobalSection(SolutionProperties) = preSolution
		HideSolutionNode = FALSE
	EndGlobalSection
	GlobalSection(MonoDevelopProperties) = preSolution
		StartupItem = Assembly-CSharp.csproj
	EndGlobalSection
EndGlobal
